Microsoft Visual Studio Solution File, Format Version 12.00
# Visual Studio Version 17
VisualStudioVersion = 17.5.2.0
MinimumVisualStudioVersion = 10.0.40219.1
Project("{FAE04EC0-301F-11D3-BF4B-00C04F79EFBC}") = "DungeonOfAlgorithms", "DungeonOfAlgorithms.csproj", "{CADE166F-010D-75DC-CA7C-CA2F3AD195C8}"
EndProject
Global
	GlobalSection(SolutionConfigurationPlatforms) = preSolution
		Debug|Any CPU = Debug|Any CPU
		Release|Any CPU = Release|Any CPU
	EndGlobalSection
	GlobalSection(ProjectConfigurationPlatforms) = postSolution
		{CADE166F-010D-75DC-CA7C-CA2F3AD195C8}.Debug|Any CPU.ActiveCfg = Debug|Any CPU
		{CADE166F-010D-75DC-CA7C-CA2F3AD195C8}.Debug|Any CPU.Build.0 = Debug|Any CPU
		{CADE166F-010D-75DC-CA7C-CA2F3AD195C8}.Release|Any CPU.ActiveCfg = Release|Any CPU
		{CADE166F-010D-75DC-CA7C-CA2F3AD195C8}.Release|Any CPU.Build.0 = Release|Any CPU
	EndGlobalSection
	GlobalSection(SolutionProperties) = preSolution
		HideSolutionNode = FALSE
	EndGlobalSection
	GlobalSection(ExtensibilityGlobals) = postSolution
		SolutionGuid = {A49F5D57-FD6A-4099-A340-9A4333F49E81}
	EndGlobalSection
EndGlobal
